// !$*UTF8*$!
{
	archiveVersion = 1;
	classes = {
	};
	objectVersion = 55;
	objects = {

/* Begin PBXBuildFile section */
		4214BF8927FDCD070080B8C8 /* User.swift in Sources */ = {isa = PBXBuildFile; fileRef = 4214BF8827FDCD070080B8C8 /* User.swift */; };
		4270D27E27E2070E00DDA47C /* AuthService.swift in Sources */ = {isa = PBXBuildFile; fileRef = 4270D27D27E2070E00DDA47C /* AuthService.swift */; };
		42811DE527DF97C60059E2BA /* Extensions.swift in Sources */ = {isa = PBXBuildFile; fileRef = 42811DE427DF97C60059E2BA /* Extensions.swift */; };
		4288335527FB9850009147FA /* UserService.swift in Sources */ = {isa = PBXBuildFile; fileRef = 4288335427FB9850009147FA /* UserService.swift */; };
		42B2545727DF74B700DF24E1 /* AppDelegate.swift in Sources */ = {isa = PBXBuildFile; fileRef = 42B2545627DF74B700DF24E1 /* AppDelegate.swift */; };
		42B2545927DF74B700DF24E1 /* SceneDelegate.swift in Sources */ = {isa = PBXBuildFile; fileRef = 42B2545827DF74B700DF24E1 /* SceneDelegate.swift */; };
		42B2545E27DF74B700DF24E1 /* Main.storyboard in Resources */ = {isa = PBXBuildFile; fileRef = 42B2545C27DF74B700DF24E1 /* Main.storyboard */; };
		42B2546027DF74B900DF24E1 /* Assets.xcassets in Resources */ = {isa = PBXBuildFile; fileRef = 42B2545F27DF74B900DF24E1 /* Assets.xcassets */; };
		42B2546327DF74B900DF24E1 /* LaunchScreen.storyboard in Resources */ = {isa = PBXBuildFile; fileRef = 42B2546127DF74B900DF24E1 /* LaunchScreen.storyboard */; };
		42B2547127DF7FB000DF24E1 /* MainTabController.swift in Sources */ = {isa = PBXBuildFile; fileRef = 42B2547027DF7FB000DF24E1 /* MainTabController.swift */; };
		42B2547327DF81D100DF24E1 /* FeedController.swift in Sources */ = {isa = PBXBuildFile; fileRef = 42B2547227DF81D100DF24E1 /* FeedController.swift */; };
		42B2547527DF81E200DF24E1 /* ExploreController.swift in Sources */ = {isa = PBXBuildFile; fileRef = 42B2547427DF81E200DF24E1 /* ExploreController.swift */; };
		42B2547727DF81F600DF24E1 /* ConversationsController.swift in Sources */ = {isa = PBXBuildFile; fileRef = 42B2547627DF81F600DF24E1 /* ConversationsController.swift */; };
		42B2547927DF820600DF24E1 /* NotificationsController.swift in Sources */ = {isa = PBXBuildFile; fileRef = 42B2547827DF820600DF24E1 /* NotificationsController.swift */; };
		42E6337127DFAC930028AECF /* LoginController.swift in Sources */ = {isa = PBXBuildFile; fileRef = 42E6337027DFAC930028AECF /* LoginController.swift */; };
		42E6337327DFAD5E0028AECF /* RegistrationController.swift in Sources */ = {isa = PBXBuildFile; fileRef = 42E6337227DFAD5E0028AECF /* RegistrationController.swift */; };
		42E6337527DFBBE60028AECF /* Utilities.swift in Sources */ = {isa = PBXBuildFile; fileRef = 42E6337427DFBBE60028AECF /* Utilities.swift */; };
		42E633D327E0F6FF0028AECF /* GoogleService-Info.plist in Resources */ = {isa = PBXBuildFile; fileRef = 42E633D227E0F6FF0028AECF /* GoogleService-Info.plist */; };
		42E633D527E1166B0028AECF /* Constants.swift in Sources */ = {isa = PBXBuildFile; fileRef = 42E633D427E1166B0028AECF /* Constants.swift */; };
		6F3B564DB66FFF13A2F7328A /* Pods_TwiterClone.framework in Frameworks */ = {isa = PBXBuildFile; fileRef = 375E506B9A267F3E2A8C2B2D /* Pods_TwiterClone.framework */; };
/* End PBXBuildFile section */

/* Begin PBXFileReference section */
		375E506B9A267F3E2A8C2B2D /* Pods_TwiterClone.framework */ = {isa = PBXFileReference; explicitFileType = wrapper.framework; includeInIndex = 0; path = Pods_TwiterClone.framework; sourceTree = BUILT_PRODUCTS_DIR; };
		4214BF8827FDCD070080B8C8 /* User.swift */ = {isa = PBXFileReference; lastKnownFileType = sourcecode.swift; path = User.swift; sourceTree = "<group>"; };
		4270D27D27E2070E00DDA47C /* AuthService.swift */ = {isa = PBXFileReference; lastKnownFileType = sourcecode.swift; path = AuthService.swift; sourceTree = "<group>"; };
		42811DE427DF97C60059E2BA /* Extensions.swift */ = {isa = PBXFileReference; lastKnownFileType = sourcecode.swift; path = Extensions.swift; sourceTree = "<group>"; };
		4288335427FB9850009147FA /* UserService.swift */ = {isa = PBXFileReference; lastKnownFileType = sourcecode.swift; path = UserService.swift; sourceTree = "<group>"; };
		42B2545327DF74B700DF24E1 /* TwiterClone.app */ = {isa = PBXFileReference; explicitFileType = wrapper.application; includeInIndex = 0; path = TwiterClone.app; sourceTree = BUILT_PRODUCTS_DIR; };
		42B2545627DF74B700DF24E1 /* AppDelegate.swift */ = {isa = PBXFileReference; lastKnownFileType = sourcecode.swift; path = AppDelegate.swift; sourceTree = "<group>"; };
		42B2545827DF74B700DF24E1 /* SceneDelegate.swift */ = {isa = PBXFileReference; lastKnownFileType = sourcecode.swift; path = SceneDelegate.swift; sourceTree = "<group>"; };
		42B2545D27DF74B700DF24E1 /* Base */ = {isa = PBXFileReference; lastKnownFileType = file.storyboard; name = Base; path = Base.lproj/Main.storyboard; sourceTree = "<group>"; };
		42B2545F27DF74B900DF24E1 /* Assets.xcassets */ = {isa = PBXFileReference; lastKnownFileType = folder.assetcatalog; path = Assets.xcassets; sourceTree = "<group>"; };
		42B2546227DF74B900DF24E1 /* Base */ = {isa = PBXFileReference; lastKnownFileType = file.storyboard; name = Base; path = Base.lproj/LaunchScreen.storyboard; sourceTree = "<group>"; };
		42B2546427DF74B900DF24E1 /* Info.plist */ = {isa = PBXFileReference; lastKnownFileType = text.plist.xml; path = Info.plist; sourceTree = "<group>"; };
		42B2547027DF7FB000DF24E1 /* MainTabController.swift */ = {isa = PBXFileReference; lastKnownFileType = sourcecode.swift; path = MainTabController.swift; sourceTree = "<group>"; };
		42B2547227DF81D100DF24E1 /* FeedController.swift */ = {isa = PBXFileReference; lastKnownFileType = sourcecode.swift; path = FeedController.swift; sourceTree = "<group>"; };
		42B2547427DF81E200DF24E1 /* ExploreController.swift */ = {isa = PBXFileReference; lastKnownFileType = sourcecode.swift; path = ExploreController.swift; sourceTree = "<group>"; };
		42B2547627DF81F600DF24E1 /* ConversationsController.swift */ = {isa = PBXFileReference; lastKnownFileType = sourcecode.swift; path = ConversationsController.swift; sourceTree = "<group>"; };
		42B2547827DF820600DF24E1 /* NotificationsController.swift */ = {isa = PBXFileReference; lastKnownFileType = sourcecode.swift; path = NotificationsController.swift; sourceTree = "<group>"; };
		42E6337027DFAC930028AECF /* LoginController.swift */ = {isa = PBXFileReference; lastKnownFileType = sourcecode.swift; path = LoginController.swift; sourceTree = "<group>"; };
		42E6337227DFAD5E0028AECF /* RegistrationController.swift */ = {isa = PBXFileReference; lastKnownFileType = sourcecode.swift; path = RegistrationController.swift; sourceTree = "<group>"; };
		42E6337427DFBBE60028AECF /* Utilities.swift */ = {isa = PBXFileReference; lastKnownFileType = sourcecode.swift; path = Utilities.swift; sourceTree = "<group>"; };
		42E633D227E0F6FF0028AECF /* GoogleService-Info.plist */ = {isa = PBXFileReference; fileEncoding = 4; lastKnownFileType = text.plist.xml; path = "GoogleService-Info.plist"; sourceTree = "<group>"; };
		42E633D427E1166B0028AECF /* Constants.swift */ = {isa = PBXFileReference; lastKnownFileType = sourcecode.swift; path = Constants.swift; sourceTree = "<group>"; };
		49E19E597404C1C93149C0E7 /* Pods-TwiterClone.debug.xcconfig */ = {isa = PBXFileReference; includeInIndex = 1; lastKnownFileType = text.xcconfig; name = "Pods-TwiterClone.debug.xcconfig"; path = "Target Support Files/Pods-TwiterClone/Pods-TwiterClone.debug.xcconfig"; sourceTree = "<group>"; };
		E4DD1690499DCC62AE7A0570 /* Pods-TwiterClone.release.xcconfig */ = {isa = PBXFileReference; includeInIndex = 1; lastKnownFileType = text.xcconfig; name = "Pods-TwiterClone.release.xcconfig"; path = "Target Support Files/Pods-TwiterClone/Pods-TwiterClone.release.xcconfig"; sourceTree = "<group>"; };
/* End PBXFileReference section */

/* Begin PBXFrameworksBuildPhase section */
		42B2545027DF74B700DF24E1 /* Frameworks */ = {
			isa = PBXFrameworksBuildPhase;
			buildActionMask = 2147483647;
			files = (
				6F3B564DB66FFF13A2F7328A /* Pods_TwiterClone.framework in Frameworks */,
			);
			runOnlyForDeploymentPostprocessing = 0;
		};
/* End PBXFrameworksBuildPhase section */

/* Begin PBXGroup section */
		42B2544A27DF74B700DF24E1 = {
			isa = PBXGroup;
			children = (
				42B2545527DF74B700DF24E1 /* TwiterClone */,
				42B2545427DF74B700DF24E1 /* Products */,
				F5E0FCCFA591F3AB9E4F2B5A /* Pods */,
				7199C8A0540BCE51A06792F9 /* Frameworks */,
			);
			sourceTree = "<group>";
		};
		42B2545427DF74B700DF24E1 /* Products */ = {
			isa = PBXGroup;
			children = (
				42B2545327DF74B700DF24E1 /* TwiterClone.app */,
			);
			name = Products;
			sourceTree = "<group>";
		};
		42B2545527DF74B700DF24E1 /* TwiterClone */ = {
			isa = PBXGroup;
			children = (
				42B2546A27DF750300DF24E1 /* Model */,
				42B2546B27DF752B00DF24E1 /* View */,
				42B2546C27DF753200DF24E1 /* ViewModel */,
				42B2546D27DF754800DF24E1 /* Controller */,
				42B2546E27DF754F00DF24E1 /* API */,
				42B2546F27DF756400DF24E1 /* Utils */,
				42B2545627DF74B700DF24E1 /* AppDelegate.swift */,
				42B2545827DF74B700DF24E1 /* SceneDelegate.swift */,
				42B2545C27DF74B700DF24E1 /* Main.storyboard */,
				42E633D227E0F6FF0028AECF /* GoogleService-Info.plist */,
				42B2545F27DF74B900DF24E1 /* Assets.xcassets */,
				42B2546127DF74B900DF24E1 /* LaunchScreen.storyboard */,
				42B2546427DF74B900DF24E1 /* Info.plist */,
			);
			path = TwiterClone;
			sourceTree = "<group>";
		};
		42B2546A27DF750300DF24E1 /* Model */ = {
			isa = PBXGroup;
			children = (
				4214BF8827FDCD070080B8C8 /* User.swift */,
			);
			path = Model;
			sourceTree = "<group>";
		};
		42B2546B27DF752B00DF24E1 /* View */ = {
			isa = PBXGroup;
			children = (
			);
			path = View;
			sourceTree = "<group>";
		};
		42B2546C27DF753200DF24E1 /* ViewModel */ = {
			isa = PBXGroup;
			children = (
			);
			path = ViewModel;
			sourceTree = "<group>";
		};
		42B2546D27DF754800DF24E1 /* Controller */ = {
			isa = PBXGroup;
			children = (
				42E6336F27DFAC7E0028AECF /* Authentication */,
				42B2547027DF7FB000DF24E1 /* MainTabController.swift */,
				42B2547227DF81D100DF24E1 /* FeedController.swift */,
				42B2547427DF81E200DF24E1 /* ExploreController.swift */,
				42B2547627DF81F600DF24E1 /* ConversationsController.swift */,
				42B2547827DF820600DF24E1 /* NotificationsController.swift */,
			);
			path = Controller;
			sourceTree = "<group>";
		};
		42B2546E27DF754F00DF24E1 /* API */ = {
			isa = PBXGroup;
			children = (
				4270D27D27E2070E00DDA47C /* AuthService.swift */,
				4288335427FB9850009147FA /* UserService.swift */,
			);
			path = API;
			sourceTree = "<group>";
		};
		42B2546F27DF756400DF24E1 /* Utils */ = {
			isa = PBXGroup;
			children = (
				42811DE427DF97C60059E2BA /* Extensions.swift */,
				42E6337427DFBBE60028AECF /* Utilities.swift */,
				42E633D427E1166B0028AECF /* Constants.swift */,
			);
			path = Utils;
			sourceTree = "<group>";
		};
		42E6336F27DFAC7E0028AECF /* Authentication */ = {
			isa = PBXGroup;
			children = (
				42E6337027DFAC930028AECF /* LoginController.swift */,
				42E6337227DFAD5E0028AECF /* RegistrationController.swift */,
			);
			path = Authentication;
			sourceTree = "<group>";
		};
		7199C8A0540BCE51A06792F9 /* Frameworks */ = {
			isa = PBXGroup;
			children = (
				375E506B9A267F3E2A8C2B2D /* Pods_TwiterClone.framework */,
			);
			name = Frameworks;
			sourceTree = "<group>";
		};
		F5E0FCCFA591F3AB9E4F2B5A /* Pods */ = {
			isa = PBXGroup;
			children = (
				49E19E597404C1C93149C0E7 /* Pods-TwiterClone.debug.xcconfig */,
				E4DD1690499DCC62AE7A0570 /* Pods-TwiterClone.release.xcconfig */,
			);
			path = Pods;
			sourceTree = "<group>";
		};
/* End PBXGroup section */

/* Begin PBXNativeTarget section */
		42B2545227DF74B700DF24E1 /* TwiterClone */ = {
			isa = PBXNativeTarget;
			buildConfigurationList = 42B2546727DF74B900DF24E1 /* Build configuration list for PBXNativeTarget "TwiterClone" */;
			buildPhases = (
				E0DB2B5987A0B33C54817A1D /* [CP] Check Pods Manifest.lock */,
				42B2544F27DF74B700DF24E1 /* Sources */,
				42B2545027DF74B700DF24E1 /* Frameworks */,
				42B2545127DF74B700DF24E1 /* Resources */,
				60A87ADCE49E06A2C8274428 /* [CP] Embed Pods Frameworks */,
			);
			buildRules = (
			);
			dependencies = (
			);
			name = TwiterClone;
			productName = TwiterClone;
			productReference = 42B2545327DF74B700DF24E1 /* TwiterClone.app */;
			productType = "com.apple.product-type.application";
		};
/* End PBXNativeTarget section */

/* Begin PBXProject section */
		42B2544B27DF74B700DF24E1 /* Project object */ = {
			isa = PBXProject;
			attributes = {
				BuildIndependentTargetsInParallel = 1;
				LastSwiftUpdateCheck = 1310;
				LastUpgradeCheck = 1310;
				TargetAttributes = {
					42B2545227DF74B700DF24E1 = {
						CreatedOnToolsVersion = 13.1;
					};
				};
			};
			buildConfigurationList = 42B2544E27DF74B700DF24E1 /* Build configuration list for PBXProject "TwiterClone" */;
			compatibilityVersion = "Xcode 13.0";
			developmentRegion = en;
			hasScannedForEncodings = 0;
			knownRegions = (
				en,
				Base,
			);
			mainGroup = 42B2544A27DF74B700DF24E1;
			productRefGroup = 42B2545427DF74B700DF24E1 /* Products */;
			projectDirPath = "";
			projectRoot = "";
			targets = (
				42B2545227DF74B700DF24E1 /* TwiterClone */,
			);
		};
/* End PBXProject section */

/* Begin PBXResourcesBuildPhase section */
		42B2545127DF74B700DF24E1 /* Resources */ = {
			isa = PBXResourcesBuildPhase;
			buildActionMask = 2147483647;
			files = (
				42B2546327DF74B900DF24E1 /* LaunchScreen.storyboard in Resources */,
				42E633D327E0F6FF0028AECF /* GoogleService-Info.plist in Resources */,
				42B2546027DF74B900DF24E1 /* Assets.xcassets in Resources */,
				42B2545E27DF74B700DF24E1 /* Main.storyboard in Resources */,
			);
			runOnlyForDeploymentPostprocessing = 0;
		};
/* End PBXResourcesBuildPhase section */

/* Begin PBXShellScriptBuildPhase section */
		60A87ADCE49E06A2C8274428 /* [CP] Embed Pods Frameworks */ = {
			isa = PBXShellScriptBuildPhase;
			buildActionMask = 2147483647;
			files = (
			);
			inputFileListPaths = (
				"${PODS_ROOT}/Target Support Files/Pods-TwiterClone/Pods-TwiterClone-frameworks-${CONFIGURATION}-input-files.xcfilelist",
			);
			name = "[CP] Embed Pods Frameworks";
			outputFileListPaths = (
				"${PODS_ROOT}/Target Support Files/Pods-TwiterClone/Pods-TwiterClone-frameworks-${CONFIGURATION}-output-files.xcfilelist",
			);
			runOnlyForDeploymentPostprocessing = 0;
			shellPath = /bin/sh;
			shellScript = "\"${PODS_ROOT}/Target Support Files/Pods-TwiterClone/Pods-TwiterClone-frameworks.sh\"\n";
			showEnvVarsInLog = 0;
		};
		E0DB2B5987A0B33C54817A1D /* [CP] Check Pods Manifest.lock */ = {
			isa = PBXShellScriptBuildPhase;
			buildActionMask = 2147483647;
			files = (
			);
			inputFileListPaths = (
			);
			inputPaths = (
				"${PODS_PODFILE_DIR_PATH}/Podfile.lock",
				"${PODS_ROOT}/Manifest.lock",
			);
			name = "[CP] Check Pods Manifest.lock";
			outputFileListPaths = (
			);
			outputPaths = (
				"$(DERIVED_FILE_DIR)/Pods-TwiterClone-checkManifestLockResult.txt",
			);
			runOnlyForDeploymentPostprocessing = 0;
			shellPath = /bin/sh;
			shellScript = "diff \"${PODS_PODFILE_DIR_PATH}/Podfile.lock\" \"${PODS_ROOT}/Manifest.lock\" > /dev/null\nif [ $? != 0 ] ; then\n    # print error to STDERR\n    echo \"error: The sandbox is not in sync with the Podfile.lock. Run 'pod install' or update your CocoaPods installation.\" >&2\n    exit 1\nfi\n# This output is used by Xcode 'outputs' to avoid re-running this script phase.\necho \"SUCCESS\" > \"${SCRIPT_OUTPUT_FILE_0}\"\n";
			showEnvVarsInLog = 0;
		};
/* End PBXShellScriptBuildPhase section */

/* Begin PBXSourcesBuildPhase section */
		42B2544F27DF74B700DF24E1 /* Sources */ = {
			isa = PBXSourcesBuildPhase;
			buildActionMask = 2147483647;
			files = (
				4288335527FB9850009147FA /* UserService.swift in Sources */,
				42E6337127DFAC930028AECF /* LoginController.swift in Sources */,
				42B2545727DF74B700DF24E1 /* AppDelegate.swift in Sources */,
				42E6337527DFBBE60028AECF /* Utilities.swift in Sources */,
				42B2547527DF81E200DF24E1 /* ExploreController.swift in Sources */,
				42B2545927DF74B700DF24E1 /* SceneDelegate.swift in Sources */,
				42811DE527DF97C60059E2BA /* Extensions.swift in Sources */,
				4270D27E27E2070E00DDA47C /* AuthService.swift in Sources */,
				4214BF8927FDCD070080B8C8 /* User.swift in Sources */,
				42B2547127DF7FB000DF24E1 /* MainTabController.swift in Sources */,
				42B2547927DF820600DF24E1 /* NotificationsController.swift in Sources */,
				42B2547727DF81F600DF24E1 /* ConversationsController.swift in Sources */,
				42E6337327DFAD5E0028AECF /* RegistrationController.swift in Sources */,
				42B2547327DF81D100DF24E1 /* FeedController.swift in Sources */,
				42E633D527E1166B0028AECF /* Constants.swift in Sources */,
			);
			runOnlyForDeploymentPostprocessing = 0;
		};
/* End PBXSourcesBuildPhase section */

/* Begin PBXVariantGroup section */
		42B2545C27DF74B700DF24E1 /* Main.storyboard */ = {
			isa = PBXVariantGroup;
			children = (
				42B2545D27DF74B700DF24E1 /* Base */,
			);
			name = Main.storyboard;
			sourceTree = "<group>";
		};
		42B2546127DF74B900DF24E1 /* LaunchScreen.storyboard */ = {
			isa = PBXVariantGroup;
			children = (
				42B2546227DF74B900DF24E1 /* Base */,
			);
			name = LaunchScreen.storyboard;
			sourceTree = "<group>";
		};
/* End PBXVariantGroup section */

/* Begin XCBuildConfiguration section */
		42B2546527DF74B900DF24E1 /* Debug */ = {
			isa = XCBuildConfiguration;
			buildSettings = {
				ALWAYS_SEARCH_USER_PATHS = NO;
				CLANG_ANALYZER_NONNULL = YES;
				CLANG_ANALYZER_NUMBER_OBJECT_CONVERSION = YES_AGGRESSIVE;
				CLANG_CXX_LANGUAGE_STANDARD = "gnu++17";
				CLANG_CXX_LIBRARY = "libc++";
				CLANG_ENABLE_MODULES = YES;
				CLANG_ENABLE_OBJC_ARC = YES;
				CLANG_ENABLE_OBJC_WEAK = YES;
				CLANG_WARN_BLOCK_CAPTURE_AUTORELEASING = YES;
				CLANG_WARN_BOOL_CONVERSION = YES;
				CLANG_WARN_COMMA = YES;
				CLANG_WARN_CONSTANT_CONVERSION = YES;
				CLANG_WARN_DEPRECATED_OBJC_IMPLEMENTATIONS = YES;
				CLANG_WARN_DIRECT_OBJC_ISA_USAGE = YES_ERROR;
				CLANG_WARN_DOCUMENTATION_COMMENTS = YES;
				CLANG_WARN_EMPTY_BODY = YES;
				CLANG_WARN_ENUM_CONVERSION = YES;
				CLANG_WARN_INFINITE_RECURSION = YES;
				CLANG_WARN_INT_CONVERSION = YES;
				CLANG_WARN_NON_LITERAL_NULL_CONVERSION = YES;
				CLANG_WARN_OBJC_IMPLICIT_RETAIN_SELF = YES;
				CLANG_WARN_OBJC_LITERAL_CONVERSION = YES;
				CLANG_WARN_OBJC_ROOT_CLASS = YES_ERROR;
				CLANG_WARN_QUOTED_INCLUDE_IN_FRAMEWORK_HEADER = YES;
				CLANG_WARN_RANGE_LOOP_ANALYSIS = YES;
				CLANG_WARN_STRICT_PROTOTYPES = YES;
				CLANG_WARN_SUSPICIOUS_MOVE = YES;
				CLANG_WARN_UNGUARDED_AVAILABILITY = YES_AGGRESSIVE;
				CLANG_WARN_UNREACHABLE_CODE = YES;
				CLANG_WARN__DUPLICATE_METHOD_MATCH = YES;
				COPY_PHASE_STRIP = NO;
				DEBUG_INFORMATION_FORMAT = dwarf;
				ENABLE_STRICT_OBJC_MSGSEND = YES;
				ENABLE_TESTABILITY = YES;
				GCC_C_LANGUAGE_STANDARD = gnu11;
				GCC_DYNAMIC_NO_PIC = NO;
				GCC_NO_COMMON_BLOCKS = YES;
				GCC_OPTIMIZATION_LEVEL = 0;
				GCC_PREPROCESSOR_DEFINITIONS = (
					"DEBUG=1",
					"$(inherited)",
				);
				GCC_WARN_64_TO_32_BIT_CONVERSION = YES;
				GCC_WARN_ABOUT_RETURN_TYPE = YES_ERROR;
				GCC_WARN_UNDECLARED_SELECTOR = YES;
				GCC_WARN_UNINITIALIZED_AUTOS = YES_AGGRESSIVE;
				GCC_WARN_UNUSED_FUNCTION = YES;
				GCC_WARN_UNUSED_VARIABLE = YES;
				IPHONEOS_DEPLOYMENT_TARGET = 15.0;
				MTL_ENABLE_DEBUG_INFO = INCLUDE_SOURCE;
				MTL_FAST_MATH = YES;
				ONLY_ACTIVE_ARCH = YES;
				SDKROOT = iphoneos;
				SWIFT_ACTIVE_COMPILATION_CONDITIONS = DEBUG;
				SWIFT_OPTIMIZATION_LEVEL = "-Onone";
			};
			name = Debug;
		};
		42B2546627DF74B900DF24E1 /* Release */ = {
			isa = XCBuildConfiguration;
			buildSettings = {
				ALWAYS_SEARCH_USER_PATHS = NO;
				CLANG_ANALYZER_NONNULL = YES;
				CLANG_ANALYZER_NUMBER_OBJECT_CONVERSION = YES_AGGRESSIVE;
				CLANG_CXX_LANGUAGE_STANDARD = "gnu++17";
				CLANG_CXX_LIBRARY = "libc++";
				CLANG_ENABLE_MODULES = YES;
				CLANG_ENABLE_OBJC_ARC = YES;
				CLANG_ENABLE_OBJC_WEAK = YES;
				CLANG_WARN_BLOCK_CAPTURE_AUTORELEASING = YES;
				CLANG_WARN_BOOL_CONVERSION = YES;
				CLANG_WARN_COMMA = YES;
				CLANG_WARN_CONSTANT_CONVERSION = YES;
				CLANG_WARN_DEPRECATED_OBJC_IMPLEMENTATIONS = YES;
				CLANG_WARN_DIRECT_OBJC_ISA_USAGE = YES_ERROR;
				CLANG_WARN_DOCUMENTATION_COMMENTS = YES;
				CLANG_WARN_EMPTY_BODY = YES;
				CLANG_WARN_ENUM_CONVERSION = YES;
				CLANG_WARN_INFINITE_RECURSION = YES;
				CLANG_WARN_INT_CONVERSION = YES;
				CLANG_WARN_NON_LITERAL_NULL_CONVERSION = YES;
				CLANG_WARN_OBJC_IMPLICIT_RETAIN_SELF = YES;
				CLANG_WARN_OBJC_LITERAL_CONVERSION = YES;
				CLANG_WARN_OBJC_ROOT_CLASS = YES_ERROR;
				CLANG_WARN_QUOTED_INCLUDE_IN_FRAMEWORK_HEADER = YES;
				CLANG_WARN_RANGE_LOOP_ANALYSIS = YES;
				CLANG_WARN_STRICT_PROTOTYPES = YES;
				CLANG_WARN_SUSPICIOUS_MOVE = YES;
				CLANG_WARN_UNGUARDED_AVAILABILITY = YES_AGGRESSIVE;
				CLANG_WARN_UNREACHABLE_CODE = YES;
				CLANG_WARN__DUPLICATE_METHOD_MATCH = YES;
				COPY_PHASE_STRIP = NO;
				DEBUG_INFORMATION_FORMAT = "dwarf-with-dsym";
				ENABLE_NS_ASSERTIONS = NO;
				ENABLE_STRICT_OBJC_MSGSEND = YES;
				GCC_C_LANGUAGE_STANDARD = gnu11;
				GCC_NO_COMMON_BLOCKS = YES;
				GCC_WARN_64_TO_32_BIT_CONVERSION = YES;
				GCC_WARN_ABOUT_RETURN_TYPE = YES_ERROR;
				GCC_WARN_UNDECLARED_SELECTOR = YES;
				GCC_WARN_UNINITIALIZED_AUTOS = YES_AGGRESSIVE;
				GCC_WARN_UNUSED_FUNCTION = YES;
				GCC_WARN_UNUSED_VARIABLE = YES;
				IPHONEOS_DEPLOYMENT_TARGET = 15.0;
				MTL_ENABLE_DEBUG_INFO = NO;
				MTL_FAST_MATH = YES;
				SDKROOT = iphoneos;
				SWIFT_COMPILATION_MODE = wholemodule;
				SWIFT_OPTIMIZATION_LEVEL = "-O";
				VALIDATE_PRODUCT = YES;
			};
			name = Release;
		};
		42B2546827DF74B900DF24E1 /* Debug */ = {
			isa = XCBuildConfiguration;
			baseConfigurationReference = 49E19E597404C1C93149C0E7 /* Pods-TwiterClone.debug.xcconfig */;
			buildSettings = {
				ASSETCATALOG_COMPILER_APPICON_NAME = AppIcon;
				ASSETCATALOG_COMPILER_GLOBAL_ACCENT_COLOR_NAME = AccentColor;
				CODE_SIGN_STYLE = Automatic;
				CURRENT_PROJECT_VERSION = 1;
				DEVELOPMENT_TEAM = CTDN3273R3;
				GENERATE_INFOPLIST_FILE = YES;
				INFOPLIST_FILE = TwiterClone/Info.plist;
				INFOPLIST_KEY_UIApplicationSupportsIndirectInputEvents = YES;
				INFOPLIST_KEY_UILaunchStoryboardName = LaunchScreen;
				INFOPLIST_KEY_UIMainStoryboardFile = Main;
				INFOPLIST_KEY_UISupportedInterfaceOrientations_iPad = "UIInterfaceOrientationPortrait UIInterfaceOrientationPortraitUpsideDown UIInterfaceOrientationLandscapeLeft UIInterfaceOrientationLandscapeRight";
				INFOPLIST_KEY_UISupportedInterfaceOrientations_iPhone = "UIInterfaceOrientationPortrait UIInterfaceOrientationLandscapeLeft UIInterfaceOrientationLandscapeRight";
				LD_RUNPATH_SEARCH_PATHS = (
					"$(inherited)",
					"@executable_path/Frameworks",
				);
				MARKETING_VERSION = 1.0;
				PRODUCT_BUNDLE_IDENTIFIER = vhenriquebm.TwiterClone;
				PRODUCT_NAME = "$(TARGET_NAME)";
				SWIFT_EMIT_LOC_STRINGS = YES;
				SWIFT_VERSION = 5.0;
				TARGETED_DEVICE_FAMILY = "1,2";
			};
			name = Debug;
		};
		42B2546927DF74B900DF24E1 /* Release */ = {
			isa = XCBuildConfiguration;
			baseConfigurationReference = E4DD1690499DCC62AE7A0570 /* Pods-TwiterClone.release.xcconfig */;
			buildSettings = {
				ASSETCATALOG_COMPILER_APPICON_NAME = AppIcon;
				ASSETCATALOG_COMPILER_GLOBAL_ACCENT_COLOR_NAME = AccentColor;
				CODE_SIGN_STYLE = Automatic;
				CURRENT_PROJECT_VERSION = 1;
				DEVELOPMENT_TEAM = CTDN3273R3;
				GENERATE_INFOPLIST_FILE = YES;
				INFOPLIST_FILE = TwiterClone/Info.plist;
				INFOPLIST_KEY_UIApplicationSupportsIndirectInputEvents = YES;
				INFOPLIST_KEY_UILaunchStoryboardName = LaunchScreen;
				INFOPLIST_KEY_UIMainStoryboardFile = Main;
				INFOPLIST_KEY_UISupportedInterfaceOrientations_iPad = "UIInterfaceOrientationPortrait UIInterfaceOrientationPortraitUpsideDown UIInterfaceOrientationLandscapeLeft UIInterfaceOrientationLandscapeRight";
				INFOPLIST_KEY_UISupportedInterfaceOrientations_iPhone = "UIInterfaceOrientationPortrait UIInterfaceOrientationLandscapeLeft UIInterfaceOrientationLandscapeRight";
				LD_RUNPATH_SEARCH_PATHS = (
					"$(inherited)",
					"@executable_path/Frameworks",
				);
				MARKETING_VERSION = 1.0;
				PRODUCT_BUNDLE_IDENTIFIER = vhenriquebm.TwiterClone;
				PRODUCT_NAME = "$(TARGET_NAME)";
				SWIFT_EMIT_LOC_STRINGS = YES;
				SWIFT_VERSION = 5.0;
				TARGETED_DEVICE_FAMILY = "1,2";
			};
			name = Release;
		};
/* End XCBuildConfiguration section */

/* Begin XCConfigurationList section */
		42B2544E27DF74B700DF24E1 /* Build configuration list for PBXProject "TwiterClone" */ = {
			isa = XCConfigurationList;
			buildConfigurations = (
				42B2546527DF74B900DF24E1 /* Debug */,
				42B2546627DF74B900DF24E1 /* Release */,
			);
			defaultConfigurationIsVisible = 0;
			defaultConfigurationName = Release;
		};
		42B2546727DF74B900DF24E1 /* Build configuration list for PBXNativeTarget "TwiterClone" */ = {
			isa = XCConfigurationList;
			buildConfigurations = (
				42B2546827DF74B900DF24E1 /* Debug */,
				42B2546927DF74B900DF24E1 /* Release */,
			);
			defaultConfigurationIsVisible = 0;
			defaultConfigurationName = Release;
		};
/* End XCConfigurationList section */
	};
	rootObject = 42B2544B27DF74B700DF24E1 /* Project object */;
}
